// !$*UTF8*$!
{
	archiveVersion = 1;
	classes = {
	};
	objectVersion = 56;
	objects = {

/* Begin PBXBuildFile section */
		7B0E9C93 /* CreateTimeCapsuleView.swift in Sources */ = {isa = PBXBuildFile; fileRef = 75D2EDE6; };
		3E90A18D /* DreamAIAnalysisModels.swift in Sources */ = {isa = PBXBuildFile; fileRef = 70B57451; };
		EB7480F7 /* DreamAIAnalysisService.swift in Sources */ = {isa = PBXBuildFile; fileRef = 3C116E64; };
		76B9F188 /* DreamExportHubModels.swift in Sources */ = {isa = PBXBuildFile; fileRef = C0B4EE99; };
		5A4F4123 /* DreamImportModels.swift in Sources */ = {isa = PBXBuildFile; fileRef = 64C8575A; };
		4E3DDFCF /* DreamImportService.swift in Sources */ = {isa = PBXBuildFile; fileRef = BE34F02D; };
		C5D4D7ED /* DreamImportView.swift in Sources */ = {isa = PBXBuildFile; fileRef = F663289E; };
		71AAA99F /* DreamInsightsDashboardView.swift in Sources */ = {isa = PBXBuildFile; fileRef = 57CB9285; };
		16EC3382 /* DreamLocationModels.swift in Sources */ = {isa = PBXBuildFile; fileRef = 39C39EDD; };
		5E9AD12C /* DreamLocationService.swift in Sources */ = {isa = PBXBuildFile; fileRef = B9B0DB28; };
		04BF965F /* DreamLocationSettingsView.swift in Sources */ = {isa = PBXBuildFile; fileRef = 5C336836; };
		644C925C /* AIArtService.swift in Sources */ = {isa = PBXBuildFile; fileRef = 3D3C3658; };
		1BA0CEC7 /* AIService.swift in Sources */ = {isa = PBXBuildFile; fileRef = DAA64324; };
		8B1C0F38 /* ARSceneSelectionView.swift in Sources */ = {isa = PBXBuildFile; fileRef = 1F331E5A; };
		B64EA48F /* Accessibility.swift in Sources */ = {isa = PBXBuildFile; fileRef = A745A743; };
		776F02C2 /* AddFriendView.swift in Sources */ = {isa = PBXBuildFile; fileRef = EA8FEFC3; };
		DC4E5D0C /* AdvancedAnalyticsService.swift in Sources */ = {isa = PBXBuildFile; fileRef = 7CD24194; };
		E0072DF3 /* AdvancedDashboardView.swift in Sources */ = {isa = PBXBuildFile; fileRef = 5A97D975; };
		E73A93A3 /* AdvancedSearchView.swift in Sources */ = {isa = PBXBuildFile; fileRef = 3B08521D; };
		139D8A98 /* Animations.swift in Sources */ = {isa = PBXBuildFile; fileRef = 250D95D0; };
		5DA7BF28 /* AssistantAnimations.swift in Sources */ = {isa = PBXBuildFile; fileRef = 219B2670; };
		21D33889 /* AudioSynthesisEngine.swift in Sources */ = {isa = PBXBuildFile; fileRef = 7C05E887; };
		CC879CFD /* CachedImageView.swift in Sources */ = {isa = PBXBuildFile; fileRef = 312569B8; };
		652D6EF1 /* CalendarView.swift in Sources */ = {isa = PBXBuildFile; fileRef = EFA2553B; };
		20CC8087 /* ChartsView.swift in Sources */ = {isa = PBXBuildFile; fileRef = 9B540537; };
		DBA06AC1 /* CloudSyncService.swift in Sources */ = {isa = PBXBuildFile; fileRef = 36174149; };
		72EA3DF3 /* CommonViews.swift in Sources */ = {isa = PBXBuildFile; fileRef = 2D4FC78A; };
		3CD2659F /* CommunityPostView.swift in Sources */ = {isa = PBXBuildFile; fileRef = CB6869A6; };
		D067058F /* CommunityService.swift in Sources */ = {isa = PBXBuildFile; fileRef = 25AF2708; };
		F6A79031 /* CommunityView.swift in Sources */ = {isa = PBXBuildFile; fileRef = 8AB901CC; };
		81E9FBE3 /* ContentView.swift in Sources */ = {isa = PBXBuildFile; fileRef = F6ABB828; };
		38620D68 /* DailyInspirationView.swift in Sources */ = {isa = PBXBuildFile; fileRef = 8E99134E; };
		9E86C57A /* Dream.swift in Sources */ = {isa = PBXBuildFile; fileRef = 6350441B; };
		B860F3BB /* DreamARElement3D.swift in Sources */ = {isa = PBXBuildFile; fileRef = 2F94A406; };
		08F32EDC /* DreamARFaceTracking.swift in Sources */ = {isa = PBXBuildFile; fileRef = A03EAC33; };
		229112E4 /* DreamARFaceTrackingView.swift in Sources */ = {isa = PBXBuildFile; fileRef = 4B26ACFD; };
		E9A7384D /* DreamARInteractionService.swift in Sources */ = {isa = PBXBuildFile; fileRef = 16CC9985; };
		26CE3F1B /* DreamARInteractionView.swift in Sources */ = {isa = PBXBuildFile; fileRef = 397EE714; };
		17D57FC6 /* DreamARModelBrowserView.swift in Sources */ = {isa = PBXBuildFile; fileRef = EE5B6892; };
		1262A8A5 /* DreamARModelCache.swift in Sources */ = {isa = PBXBuildFile; fileRef = 5BCE8582; };
		C7F8EB77 /* DreamARModels.swift in Sources */ = {isa = PBXBuildFile; fileRef = B25D3222; };
		3E4D8529 /* DreamARModelsLibrary.swift in Sources */ = {isa = PBXBuildFile; fileRef = C1EE7FCC; };
		CC5F8810 /* DreamARPerformanceOptimizer.swift in Sources */ = {isa = PBXBuildFile; fileRef = 8BACBBA5; };
		203F5D0A /* DreamARPhotoEditorView.swift in Sources */ = {isa = PBXBuildFile; fileRef = 6CCA0D79; };
		59D04E80 /* DreamARPhotoMode.swift in Sources */ = {isa = PBXBuildFile; fileRef = F06A699C; };
		2BEA1EF0 /* DreamARService.swift in Sources */ = {isa = PBXBuildFile; fileRef = E6A0B878; };
		0B7821A2 /* DreamARShareService.swift in Sources */ = {isa = PBXBuildFile; fileRef = 6967116B; };
		03F25CED /* DreamARShareView.swift in Sources */ = {isa = PBXBuildFile; fileRef = D559315F; };
		571187B2 /* DreamARSocialService.swift in Sources */ = {isa = PBXBuildFile; fileRef = 868A9B33; };
		213F95E0 /* DreamARTemplateGalleryView.swift in Sources */ = {isa = PBXBuildFile; fileRef = C78D0DE9; };
		0934FC49 /* DreamARTemplateService.swift in Sources */ = {isa = PBXBuildFile; fileRef = 3BB904E3; };
		18896329 /* DreamARVideoEditorView.swift in Sources */ = {isa = PBXBuildFile; fileRef = 0AF557DB; };
		CA9D3BE7 /* DreamARVideoMode.swift in Sources */ = {isa = PBXBuildFile; fileRef = 8F81701D; };
		C5D23B9F /* DreamARView.swift in Sources */ = {isa = PBXBuildFile; fileRef = 4EE054B8; };
		A00D5E60 /* DreamAccessibility.swift in Sources */ = {isa = PBXBuildFile; fileRef = 92C0440F; };
		BC93C489 /* DreamAccessibilityEnhancements.swift in Sources */ = {isa = PBXBuildFile; fileRef = 0F0BC47E; };
		98EFB100 /* DreamArtGalleryView.swift in Sources */ = {isa = PBXBuildFile; fileRef = F4D93E12; };
		42D1383C /* DreamAssistantModels.swift in Sources */ = {isa = PBXBuildFile; fileRef = 736B8523; };
		58F5DE22 /* DreamAssistantService.swift in Sources */ = {isa = PBXBuildFile; fileRef = 8531B561; };
		33030744 /* DreamAssistantView.swift in Sources */ = {isa = PBXBuildFile; fileRef = 42A94824; };
		8258CFE3 /* DreamBackupModels.swift in Sources */ = {isa = PBXBuildFile; fileRef = 14C200C7; };
		86A823C0 /* DreamBackupService.swift in Sources */ = {isa = PBXBuildFile; fileRef = EE6339A1; };
		94CE7903 /* DreamBackupView.swift in Sources */ = {isa = PBXBuildFile; fileRef = 41740740; };
		8F17FA80 /* DreamChallengeModels.swift in Sources */ = {isa = PBXBuildFile; fileRef = 7A770140; };
		65CD543C /* DreamChallengeService.swift in Sources */ = {isa = PBXBuildFile; fileRef = 91CD2F3B; };
		6EBF2FDA /* DreamChallengeView.swift in Sources */ = {isa = PBXBuildFile; fileRef = C5AABD5D; };
		297563C7 /* DreamCorrelationService.swift in Sources */ = {isa = PBXBuildFile; fileRef = 6F85EC34; };
		5B45F5FA /* DreamDetailView.swift in Sources */ = {isa = PBXBuildFile; fileRef = A78E5CB7; };
		D9B479B0 /* DreamDictionary.swift in Sources */ = {isa = PBXBuildFile; fileRef = 6A7FD480; };
		F62C1D53 /* DreamEmptyStates.swift in Sources */ = {isa = PBXBuildFile; fileRef = BA77666C; };
		4B65A5F9 /* DreamExportModels.swift in Sources */ = {isa = PBXBuildFile; fileRef = 302706FC; };
		2F4B548C /* DreamExportService.swift in Sources */ = {isa = PBXBuildFile; fileRef = FBE66D3C; };
		44332CD4 /* DreamExportView.swift in Sources */ = {isa = PBXBuildFile; fileRef = 530F69FC; };
		2F823B81 /* DreamGraphService.swift in Sources */ = {isa = PBXBuildFile; fileRef = FE40D35B; };
		A60543C7 /* DreamGraphView.swift in Sources */ = {isa = PBXBuildFile; fileRef = 7F4CCF7F; };
		7B85068C /* DreamHapticFeedback.swift in Sources */ = {isa = PBXBuildFile; fileRef = 4B33F16D; };
		190F0507 /* DreamInspirationModels.swift in Sources */ = {isa = PBXBuildFile; fileRef = E8DD2201; };
		E679FB9D /* DreamInspirationService.swift in Sources */ = {isa = PBXBuildFile; fileRef = 836F37D4; };
		0A58EFFE /* DreamInspirationView.swift in Sources */ = {isa = PBXBuildFile; fileRef = 1F8E3824; };
		257C2046 /* DreamInteractiveWidgets.swift in Sources */ = {isa = PBXBuildFile; fileRef = BA2E5131; };
		ECCBB3BA /* DreamJournalExportService.swift in Sources */ = {isa = PBXBuildFile; fileRef = E8421713; };
		95286DDE /* DreamJournalExportView.swift in Sources */ = {isa = PBXBuildFile; fileRef = 5D755D0C; };
		6C5CC816 /* DreamLiveActivities.swift in Sources */ = {isa = PBXBuildFile; fileRef = B90710C2; };
		3C12EBBA /* DreamLocalization.swift in Sources */ = {isa = PBXBuildFile; fileRef = B68EAECD; };
		203A005E /* DreamLockScreenWidgets.swift in Sources */ = {isa = PBXBuildFile; fileRef = EA8D50FB; };
		C09D04EE /* DreamLogApp.swift in Sources */ = {isa = PBXBuildFile; fileRef = FAE7A22C; };
		899D0016 /* DreamLogPerformanceOptimizer.swift in Sources */ = {isa = PBXBuildFile; fileRef = 181C37EF; };
		5380FB50 /* DreamLogQuickWidget.swift in Sources */ = {isa = PBXBuildFile; fileRef = 1851787C; };
		B506F056 /* DreamLogWidget.swift in Sources */ = {isa = PBXBuildFile; fileRef = BF9EE549; };
		805B91F0 /* DreamMusicExportService.swift in Sources */ = {isa = PBXBuildFile; fileRef = 9A955D97; };
		3E8A63C8 /* DreamMusicPlaylistModels.swift in Sources */ = {isa = PBXBuildFile; fileRef = C3BB4FD8; };
		972990A1 /* DreamMusicPlaylistService.swift in Sources */ = {isa = PBXBuildFile; fileRef = 2E19F97C; };
		AFAB9455 /* DreamMusicPlaylistView.swift in Sources */ = {isa = PBXBuildFile; fileRef = B969CF97; };
		2C10B194 /* DreamMusicService.swift in Sources */ = {isa = PBXBuildFile; fileRef = 79DD89C2; };
		FF310527 /* DreamMusicView.swift in Sources */ = {isa = PBXBuildFile; fileRef = 4B17C843; };
		FC42D77A /* DreamOnboardingModels.swift in Sources */ = {isa = PBXBuildFile; fileRef = B8C450AD; };
		80C8F4FA /* DreamOnboardingView.swift in Sources */ = {isa = PBXBuildFile; fileRef = 95E94825; };
		EB77174F /* DreamPerformanceOptimizer.swift in Sources */ = {isa = PBXBuildFile; fileRef = D68B95D4; };
		8A20CBE8 /* DreamPredictionMLModels.swift in Sources */ = {isa = PBXBuildFile; fileRef = ECFED1C5; };
		EBBD8CA7 /* DreamPredictionMLService.swift in Sources */ = {isa = PBXBuildFile; fileRef = C196C598; };
		2FDA880B /* DreamPredictionMLView.swift in Sources */ = {isa = PBXBuildFile; fileRef = F18C3829; };
		1368DBC5 /* DreamPredictionModels.swift in Sources */ = {isa = PBXBuildFile; fileRef = DB1BB22A; };
		C03EE365 /* DreamPredictionService.swift in Sources */ = {isa = PBXBuildFile; fileRef = 71D3AFDC; };
		92E9DFB2 /* DreamPredictionView.swift in Sources */ = {isa = PBXBuildFile; fileRef = C0AF04C4; };
		82F3579E /* DreamReportExportService.swift in Sources */ = {isa = PBXBuildFile; fileRef = 9B0E3CBC; };
		AD5E7C21 /* DreamSearchView.swift in Sources */ = {isa = PBXBuildFile; fileRef = DDC90DE8; };
		DD46A28D /* DreamShareCard.swift in Sources */ = {isa = PBXBuildFile; fileRef = D2DB75B5; };
		F12538B5 /* DreamShareCardModels.swift in Sources */ = {isa = PBXBuildFile; fileRef = 4786CC1F; };
		F2E09975 /* DreamShareCardService.swift in Sources */ = {isa = PBXBuildFile; fileRef = 9F23A11D; };
		ED21DF2B /* DreamShareCardView.swift in Sources */ = {isa = PBXBuildFile; fileRef = 1B3705D1; };
		D6411B11 /* DreamShareCircleModels.swift in Sources */ = {isa = PBXBuildFile; fileRef = 8A30C797; };
		10E5088B /* DreamShareCircleService.swift in Sources */ = {isa = PBXBuildFile; fileRef = BF162525; };
		C2515FB8 /* DreamShareCircleView.swift in Sources */ = {isa = PBXBuildFile; fileRef = 5E34ACB0; };
		C52EBA95 /* DreamStore.swift in Sources */ = {isa = PBXBuildFile; fileRef = F1BEDF8B; };
		AB954F2E /* DreamStoryService.swift in Sources */ = {isa = PBXBuildFile; fileRef = F0C0102C; };
		F35AE99A /* DreamStoryView.swift in Sources */ = {isa = PBXBuildFile; fileRef = A2D3C678; };
		808DAD75 /* DreamSubscriptionView.swift in Sources */ = {isa = PBXBuildFile; fileRef = A38F3E33; };
		7F94ACA9 /* DreamTagManagerModels.swift in Sources */ = {isa = PBXBuildFile; fileRef = 1C57A1AA; };
		67EC4CBC /* DreamTagManagerService.swift in Sources */ = {isa = PBXBuildFile; fileRef = 1175D25E; };
		929EEB93 /* DreamTagManagerView.swift in Sources */ = {isa = PBXBuildFile; fileRef = 07E3C7C8; };
		A0E416CC /* DreamTimelineService.swift in Sources */ = {isa = PBXBuildFile; fileRef = 9C26B2E3; };
		5476D850 /* DreamTimelineView.swift in Sources */ = {isa = PBXBuildFile; fileRef = DD4AF4D2; };
		7E481990 /* DreamTrendService.swift in Sources */ = {isa = PBXBuildFile; fileRef = FC9AA5A7; };
		57A811D8 /* DreamTrendView.swift in Sources */ = {isa = PBXBuildFile; fileRef = 9D0C808B; };
		57F5DBD0 /* DreamVideoEditor.swift in Sources */ = {isa = PBXBuildFile; fileRef = 8B3CDA84; };
		AFF66B82 /* DreamVideoEditorView.swift in Sources */ = {isa = PBXBuildFile; fileRef = 87EC6E62; };
		A3221814 /* DreamVideoEnhancements.swift in Sources */ = {isa = PBXBuildFile; fileRef = 0F7A6C50; };
		89A547F6 /* DreamVideoService.swift in Sources */ = {isa = PBXBuildFile; fileRef = C2375B0F; };
		C955F131 /* DreamVideoTemplates.swift in Sources */ = {isa = PBXBuildFile; fileRef = B3D9F21E; };
		3CAA19D5 /* DreamVideoView.swift in Sources */ = {isa = PBXBuildFile; fileRef = FFF45D09; };
		F02D6C7D /* DreamWallpaperService.swift in Sources */ = {isa = PBXBuildFile; fileRef = 62EFE6CC; };
		55E63053 /* DreamWallpaperView.swift in Sources */ = {isa = PBXBuildFile; fileRef = BF51A27F; };
		A0331FA6 /* DreamWeeklyReportModels.swift in Sources */ = {isa = PBXBuildFile; fileRef = 288116ED; };
		BCFA8AC4 /* DreamWeeklyReportService.swift in Sources */ = {isa = PBXBuildFile; fileRef = ECAEBAE1; };
		939E47BF /* DreamWeeklyReportView.swift in Sources */ = {isa = PBXBuildFile; fileRef = 00E58C1D; };
		9A775ADB /* DreamWidgetConfigurationView.swift in Sources */ = {isa = PBXBuildFile; fileRef = DD65EB49; };
		A3BABF7B /* DreamWidgetModels.swift in Sources */ = {isa = PBXBuildFile; fileRef = 39046424; };
		2BCCF53A /* DreamWidgetService.swift in Sources */ = {isa = PBXBuildFile; fileRef = 7FE83308; };
		9DCEDCFB /* DreamWrappedService.swift in Sources */ = {isa = PBXBuildFile; fileRef = A4B9B6DA; };
		5474B112 /* DreamWrappedView.swift in Sources */ = {isa = PBXBuildFile; fileRef = 8A210F5D; };
		C925FD86 /* DreamsGoalView.swift in Sources */ = {isa = PBXBuildFile; fileRef = 16222503; };
		0584F058 /* EnhancedShareService.swift in Sources */ = {isa = PBXBuildFile; fileRef = 8DCC580A; };
		E19A127E /* ExternalAIService.swift in Sources */ = {isa = PBXBuildFile; fileRef = C5AAF224; };
		5F97604A /* FriendProfileView.swift in Sources */ = {isa = PBXBuildFile; fileRef = 54B0B789; };
		8D7BB75F /* FriendService.swift in Sources */ = {isa = PBXBuildFile; fileRef = 00E053FD; };
		060DAAC2 /* FriendsView.swift in Sources */ = {isa = PBXBuildFile; fileRef = 4E70EBC5; };
		3EB1D5C6 /* GalleryView.swift in Sources */ = {isa = PBXBuildFile; fileRef = D8FD50EA; };
		64AEC903 /* HapticFeedback.swift in Sources */ = {isa = PBXBuildFile; fileRef = 680C3430; };
		3EE2E0B3 /* HealthKitService.swift in Sources */ = {isa = PBXBuildFile; fileRef = 071B16F1; };
		B04D0ED8 /* HomeView.swift in Sources */ = {isa = PBXBuildFile; fileRef = 0AD90945; };
		0127B4FB /* ImageCacheService.swift in Sources */ = {isa = PBXBuildFile; fileRef = 6A369246; };
		D4090E2B /* InsightsView.swift in Sources */ = {isa = PBXBuildFile; fileRef = 17B066B5; };
		FD4B042E /* LucidDreamTraining.swift in Sources */ = {isa = PBXBuildFile; fileRef = 087843E8; };
		0518F5DF /* MeditationService.swift in Sources */ = {isa = PBXBuildFile; fileRef = 22F9AC5C; };
		5B8C643B /* MeditationView.swift in Sources */ = {isa = PBXBuildFile; fileRef = 5628DAFB; };
		E8C19CF9 /* NotificationService.swift in Sources */ = {isa = PBXBuildFile; fileRef = 80C36C3E; };
		C8425FED /* NotionIntegrationService.swift in Sources */ = {isa = PBXBuildFile; fileRef = 47665768; };
		F205490F /* ObsidianIntegrationService.swift in Sources */ = {isa = PBXBuildFile; fileRef = FD106D79; };
		3E078584 /* OnThisDayView.swift in Sources */ = {isa = PBXBuildFile; fileRef = EBF39302; };
		A2616466 /* PrivateShareView.swift in Sources */ = {isa = PBXBuildFile; fileRef = FBA60FBD; };
		EB140DF4 /* RecordView.swift in Sources */ = {isa = PBXBuildFile; fileRef = 2C5E0726; };
		39B79F21 /* Localizable.swift in Sources */ = {isa = PBXBuildFile; fileRef = FFD6D551; };
		5A5A1F68 /* SettingsView.swift in Sources */ = {isa = PBXBuildFile; fileRef = 30DCF6FF; };
		955CC3E7 /* ShareCardView.swift in Sources */ = {isa = PBXBuildFile; fileRef = 0E6A0504; };
		71826C94 /* ShareService.swift in Sources */ = {isa = PBXBuildFile; fileRef = 5B9BCD11; };
		D24F9EFE /* SharedModelContainer.swift in Sources */ = {isa = PBXBuildFile; fileRef = 86891505; };
		712B8311 /* SiriShortcutViews.swift in Sources */ = {isa = PBXBuildFile; fileRef = 2639159A; };
		964F02C1 /* SiriShortcuts.swift in Sources */ = {isa = PBXBuildFile; fileRef = 4A771C06; };
		E5AA5490 /* SleepDataView.swift in Sources */ = {isa = PBXBuildFile; fileRef = 90180D61; };
		850C8966 /* SleepQualityAnalysisService.swift in Sources */ = {isa = PBXBuildFile; fileRef = 2A34E719; };
		F0896ABB /* SleepQualityAnalysisView.swift in Sources */ = {isa = PBXBuildFile; fileRef = 82E61FA6; };
		0E3761F6 /* SmartReminderService.swift in Sources */ = {isa = PBXBuildFile; fileRef = C87C8045; };
		B89F4D4E /* SmartReminderSettingsView.swift in Sources */ = {isa = PBXBuildFile; fileRef = F39120DA; };
		1A4FE9F0 /* SpeechService.swift in Sources */ = {isa = PBXBuildFile; fileRef = 4E2546CE; };
		0F634772 /* SpeechSynthesisService.swift in Sources */ = {isa = PBXBuildFile; fileRef = 3A995A59; };
		4E8F1C37 /* Theme.swift in Sources */ = {isa = PBXBuildFile; fileRef = 453CC0C7; };
		36A523E9 /* ViewImageRenderer.swift in Sources */ = {isa = PBXBuildFile; fileRef = 098C7B50; };
		D3E24898 /* WidgetConfigurationService.swift in Sources */ = {isa = PBXBuildFile; fileRef = F0B8D784; };
		F2339ACD /* WidgetCustomizationView.swift in Sources */ = {isa = PBXBuildFile; fileRef = 412E556F; };
		5E4021DF /* DreamMapView.swift in Sources */ = {isa = PBXBuildFile; fileRef = 61F8CBA4; };
		F89B1277 /* DreamSiriShortcuts.swift in Sources */ = {isa = PBXBuildFile; fileRef = 461D9547; };
		74E85C70 /* DreamTimeCapsuleModels.swift in Sources */ = {isa = PBXBuildFile; fileRef = 66BE753B; };
		C5FE71E0 /* DreamTimeCapsuleService.swift in Sources */ = {isa = PBXBuildFile; fileRef = B769A8D4; };
		612B728F /* DreamTimeCapsuleView.swift in Sources */ = {isa = PBXBuildFile; fileRef = 78895807; };
		5FCE8C8E /* DreamWatchSyncService.swift in Sources */ = {isa = PBXBuildFile; fileRef = A64D0FEB; };
		A0003895 /* TimeCapsuleDetailView.swift in Sources */ = {isa = PBXBuildFile; fileRef = F86B4BC2; };
		9DB92F63 /* Assets.xcassets in Resources */ = {isa = PBXBuildFile; fileRef = BABCBE18; };
/* End PBXBuildFile section */

/* Begin PBXFileReference section */
		75D2EDE6 /* CreateTimeCapsuleView.swift */ = {isa = PBXFileReference; lastKnownFileType = sourcecode.swift; path = CreateTimeCapsuleView.swift; sourceTree = "<group>"; };
		70B57451 /* DreamAIAnalysisModels.swift */ = {isa = PBXFileReference; lastKnownFileType = sourcecode.swift; path = DreamAIAnalysisModels.swift; sourceTree = "<group>"; };
		3C116E64 /* DreamAIAnalysisService.swift */ = {isa = PBXFileReference; lastKnownFileType = sourcecode.swift; path = DreamAIAnalysisService.swift; sourceTree = "<group>"; };
		C0B4EE99 /* DreamExportHubModels.swift */ = {isa = PBXFileReference; lastKnownFileType = sourcecode.swift; path = DreamExportHubModels.swift; sourceTree = "<group>"; };
		64C8575A /* DreamImportModels.swift */ = {isa = PBXFileReference; lastKnownFileType = sourcecode.swift; path = DreamImportModels.swift; sourceTree = "<group>"; };
		BE34F02D /* DreamImportService.swift */ = {isa = PBXFileReference; lastKnownFileType = sourcecode.swift; path = DreamImportService.swift; sourceTree = "<group>"; };
		F663289E /* DreamImportView.swift */ = {isa = PBXFileReference; lastKnownFileType = sourcecode.swift; path = DreamImportView.swift; sourceTree = "<group>"; };
		57CB9285 /* DreamInsightsDashboardView.swift */ = {isa = PBXFileReference; lastKnownFileType = sourcecode.swift; path = DreamInsightsDashboardView.swift; sourceTree = "<group>"; };
		39C39EDD /* DreamLocationModels.swift */ = {isa = PBXFileReference; lastKnownFileType = sourcecode.swift; path = DreamLocationModels.swift; sourceTree = "<group>"; };
		B9B0DB28 /* DreamLocationService.swift */ = {isa = PBXFileReference; lastKnownFileType = sourcecode.swift; path = DreamLocationService.swift; sourceTree = "<group>"; };
		5C336836 /* DreamLocationSettingsView.swift */ = {isa = PBXFileReference; lastKnownFileType = sourcecode.swift; path = DreamLocationSettingsView.swift; sourceTree = "<group>"; };
		3D3C3658 /* AIArtService.swift */ = {isa = PBXFileReference; lastKnownFileType = sourcecode.swift; path = AIArtService.swift; sourceTree = "<group>"; };
		DAA64324 /* AIService.swift */ = {isa = PBXFileReference; lastKnownFileType = sourcecode.swift; path = AIService.swift; sourceTree = "<group>"; };
		1F331E5A /* ARSceneSelectionView.swift */ = {isa = PBXFileReference; lastKnownFileType = sourcecode.swift; path = ARSceneSelectionView.swift; sourceTree = "<group>"; };
		A745A743 /* Accessibility.swift */ = {isa = PBXFileReference; lastKnownFileType = sourcecode.swift; path = Accessibility.swift; sourceTree = "<group>"; };
		EA8FEFC3 /* AddFriendView.swift */ = {isa = PBXFileReference; lastKnownFileType = sourcecode.swift; path = AddFriendView.swift; sourceTree = "<group>"; };
		7CD24194 /* AdvancedAnalyticsService.swift */ = {isa = PBXFileReference; lastKnownFileType = sourcecode.swift; path = AdvancedAnalyticsService.swift; sourceTree = "<group>"; };
		5A97D975 /* AdvancedDashboardView.swift */ = {isa = PBXFileReference; lastKnownFileType = sourcecode.swift; path = AdvancedDashboardView.swift; sourceTree = "<group>"; };
		3B08521D /* AdvancedSearchView.swift */ = {isa = PBXFileReference; lastKnownFileType = sourcecode.swift; path = AdvancedSearchView.swift; sourceTree = "<group>"; };
		250D95D0 /* Animations.swift */ = {isa = PBXFileReference; lastKnownFileType = sourcecode.swift; path = Animations.swift; sourceTree = "<group>"; };
		219B2670 /* AssistantAnimations.swift */ = {isa = PBXFileReference; lastKnownFileType = sourcecode.swift; path = AssistantAnimations.swift; sourceTree = "<group>"; };
		7C05E887 /* AudioSynthesisEngine.swift */ = {isa = PBXFileReference; lastKnownFileType = sourcecode.swift; path = AudioSynthesisEngine.swift; sourceTree = "<group>"; };
		312569B8 /* CachedImageView.swift */ = {isa = PBXFileReference; lastKnownFileType = sourcecode.swift; path = CachedImageView.swift; sourceTree = "<group>"; };
		EFA2553B /* CalendarView.swift */ = {isa = PBXFileReference; lastKnownFileType = sourcecode.swift; path = CalendarView.swift; sourceTree = "<group>"; };
		9B540537 /* ChartsView.swift */ = {isa = PBXFileReference; lastKnownFileType = sourcecode.swift; path = ChartsView.swift; sourceTree = "<group>"; };
		36174149 /* CloudSyncService.swift */ = {isa = PBXFileReference; lastKnownFileType = sourcecode.swift; path = CloudSyncService.swift; sourceTree = "<group>"; };
		2D4FC78A /* CommonViews.swift */ = {isa = PBXFileReference; lastKnownFileType = sourcecode.swift; path = CommonViews.swift; sourceTree = "<group>"; };
		CB6869A6 /* CommunityPostView.swift */ = {isa = PBXFileReference; lastKnownFileType = sourcecode.swift; path = CommunityPostView.swift; sourceTree = "<group>"; };
		25AF2708 /* CommunityService.swift */ = {isa = PBXFileReference; lastKnownFileType = sourcecode.swift; path = CommunityService.swift; sourceTree = "<group>"; };
		8AB901CC /* CommunityView.swift */ = {isa = PBXFileReference; lastKnownFileType = sourcecode.swift; path = CommunityView.swift; sourceTree = "<group>"; };
		F6ABB828 /* ContentView.swift */ = {isa = PBXFileReference; lastKnownFileType = sourcecode.swift; path = ContentView.swift; sourceTree = "<group>"; };
		8E99134E /* DailyInspirationView.swift */ = {isa = PBXFileReference; lastKnownFileType = sourcecode.swift; path = DailyInspirationView.swift; sourceTree = "<group>"; };
		6350441B /* Dream.swift */ = {isa = PBXFileReference; lastKnownFileType = sourcecode.swift; path = Dream.swift; sourceTree = "<group>"; };
		2F94A406 /* DreamARElement3D.swift */ = {isa = PBXFileReference; lastKnownFileType = sourcecode.swift; path = DreamARElement3D.swift; sourceTree = "<group>"; };
		A03EAC33 /* DreamARFaceTracking.swift */ = {isa = PBXFileReference; lastKnownFileType = sourcecode.swift; path = DreamARFaceTracking.swift; sourceTree = "<group>"; };
		4B26ACFD /* DreamARFaceTrackingView.swift */ = {isa = PBXFileReference; lastKnownFileType = sourcecode.swift; path = DreamARFaceTrackingView.swift; sourceTree = "<group>"; };
		16CC9985 /* DreamARInteractionService.swift */ = {isa = PBXFileReference; lastKnownFileType = sourcecode.swift; path = DreamARInteractionService.swift; sourceTree = "<group>"; };
		397EE714 /* DreamARInteractionView.swift */ = {isa = PBXFileReference; lastKnownFileType = sourcecode.swift; path = DreamARInteractionView.swift; sourceTree = "<group>"; };
		EE5B6892 /* DreamARModelBrowserView.swift */ = {isa = PBXFileReference; lastKnownFileType = sourcecode.swift; path = DreamARModelBrowserView.swift; sourceTree = "<group>"; };
		5BCE8582 /* DreamARModelCache.swift */ = {isa = PBXFileReference; lastKnownFileType = sourcecode.swift; path = DreamARModelCache.swift; sourceTree = "<group>"; };
		B25D3222 /* DreamARModels.swift */ = {isa = PBXFileReference; lastKnownFileType = sourcecode.swift; path = DreamARModels.swift; sourceTree = "<group>"; };
		C1EE7FCC /* DreamARModelsLibrary.swift */ = {isa = PBXFileReference; lastKnownFileType = sourcecode.swift; path = DreamARModelsLibrary.swift; sourceTree = "<group>"; };
		8BACBBA5 /* DreamARPerformanceOptimizer.swift */ = {isa = PBXFileReference; lastKnownFileType = sourcecode.swift; path = DreamARPerformanceOptimizer.swift; sourceTree = "<group>"; };
		6CCA0D79 /* DreamARPhotoEditorView.swift */ = {isa = PBXFileReference; lastKnownFileType = sourcecode.swift; path = DreamARPhotoEditorView.swift; sourceTree = "<group>"; };
		F06A699C /* DreamARPhotoMode.swift */ = {isa = PBXFileReference; lastKnownFileType = sourcecode.swift; path = DreamARPhotoMode.swift; sourceTree = "<group>"; };
		E6A0B878 /* DreamARService.swift */ = {isa = PBXFileReference; lastKnownFileType = sourcecode.swift; path = DreamARService.swift; sourceTree = "<group>"; };
		6967116B /* DreamARShareService.swift */ = {isa = PBXFileReference; lastKnownFileType = sourcecode.swift; path = DreamARShareService.swift; sourceTree = "<group>"; };
		D559315F /* DreamARShareView.swift */ = {isa = PBXFileReference; lastKnownFileType = sourcecode.swift; path = DreamARShareView.swift; sourceTree = "<group>"; };
		868A9B33 /* DreamARSocialService.swift */ = {isa = PBXFileReference; lastKnownFileType = sourcecode.swift; path = DreamARSocialService.swift; sourceTree = "<group>"; };
		C78D0DE9 /* DreamARTemplateGalleryView.swift */ = {isa = PBXFileReference; lastKnownFileType = sourcecode.swift; path = DreamARTemplateGalleryView.swift; sourceTree = "<group>"; };
		3BB904E3 /* DreamARTemplateService.swift */ = {isa = PBXFileReference; lastKnownFileType = sourcecode.swift; path = DreamARTemplateService.swift; sourceTree = "<group>"; };
		0AF557DB /* DreamARVideoEditorView.swift */ = {isa = PBXFileReference; lastKnownFileType = sourcecode.swift; path = DreamARVideoEditorView.swift; sourceTree = "<group>"; };
		8F81701D /* DreamARVideoMode.swift */ = {isa = PBXFileReference; lastKnownFileType = sourcecode.swift; path = DreamARVideoMode.swift; sourceTree = "<group>"; };
		4EE054B8 /* DreamARView.swift */ = {isa = PBXFileReference; lastKnownFileType = sourcecode.swift; path = DreamARView.swift; sourceTree = "<group>"; };
		92C0440F /* DreamAccessibility.swift */ = {isa = PBXFileReference; lastKnownFileType = sourcecode.swift; path = DreamAccessibility.swift; sourceTree = "<group>"; };
		0F0BC47E /* DreamAccessibilityEnhancements.swift */ = {isa = PBXFileReference; lastKnownFileType = sourcecode.swift; path = DreamAccessibilityEnhancements.swift; sourceTree = "<group>"; };
		F4D93E12 /* DreamArtGalleryView.swift */ = {isa = PBXFileReference; lastKnownFileType = sourcecode.swift; path = DreamArtGalleryView.swift; sourceTree = "<group>"; };
		736B8523 /* DreamAssistantModels.swift */ = {isa = PBXFileReference; lastKnownFileType = sourcecode.swift; path = DreamAssistantModels.swift; sourceTree = "<group>"; };
		8531B561 /* DreamAssistantService.swift */ = {isa = PBXFileReference; lastKnownFileType = sourcecode.swift; path = DreamAssistantService.swift; sourceTree = "<group>"; };
		42A94824 /* DreamAssistantView.swift */ = {isa = PBXFileReference; lastKnownFileType = sourcecode.swift; path = DreamAssistantView.swift; sourceTree = "<group>"; };
		14C200C7 /* DreamBackupModels.swift */ = {isa = PBXFileReference; lastKnownFileType = sourcecode.swift; path = DreamBackupModels.swift; sourceTree = "<group>"; };
		EE6339A1 /* DreamBackupService.swift */ = {isa = PBXFileReference; lastKnownFileType = sourcecode.swift; path = DreamBackupService.swift; sourceTree = "<group>"; };
		41740740 /* DreamBackupView.swift */ = {isa = PBXFileReference; lastKnownFileType = sourcecode.swift; path = DreamBackupView.swift; sourceTree = "<group>"; };
		7A770140 /* DreamChallengeModels.swift */ = {isa = PBXFileReference; lastKnownFileType = sourcecode.swift; path = DreamChallengeModels.swift; sourceTree = "<group>"; };
		91CD2F3B /* DreamChallengeService.swift */ = {isa = PBXFileReference; lastKnownFileType = sourcecode.swift; path = DreamChallengeService.swift; sourceTree = "<group>"; };
		C5AABD5D /* DreamChallengeView.swift */ = {isa = PBXFileReference; lastKnownFileType = sourcecode.swift; path = DreamChallengeView.swift; sourceTree = "<group>"; };
		6F85EC34 /* DreamCorrelationService.swift */ = {isa = PBXFileReference; lastKnownFileType = sourcecode.swift; path = DreamCorrelationService.swift; sourceTree = "<group>"; };
		A78E5CB7 /* DreamDetailView.swift */ = {isa = PBXFileReference; lastKnownFileType = sourcecode.swift; path = DreamDetailView.swift; sourceTree = "<group>"; };
		6A7FD480 /* DreamDictionary.swift */ = {isa = PBXFileReference; lastKnownFileType = sourcecode.swift; path = DreamDictionary.swift; sourceTree = "<group>"; };
		BA77666C /* DreamEmptyStates.swift */ = {isa = PBXFileReference; lastKnownFileType = sourcecode.swift; path = DreamEmptyStates.swift; sourceTree = "<group>"; };
		302706FC /* DreamExportModels.swift */ = {isa = PBXFileReference; lastKnownFileType = sourcecode.swift; path = DreamExportModels.swift; sourceTree = "<group>"; };
		FBE66D3C /* DreamExportService.swift */ = {isa = PBXFileReference; lastKnownFileType = sourcecode.swift; path = DreamExportService.swift; sourceTree = "<group>"; };
		530F69FC /* DreamExportView.swift */ = {isa = PBXFileReference; lastKnownFileType = sourcecode.swift; path = DreamExportView.swift; sourceTree = "<group>"; };
		FE40D35B /* DreamGraphService.swift */ = {isa = PBXFileReference; lastKnownFileType = sourcecode.swift; path = DreamGraphService.swift; sourceTree = "<group>"; };
		7F4CCF7F /* DreamGraphView.swift */ = {isa = PBXFileReference; lastKnownFileType = sourcecode.swift; path = DreamGraphView.swift; sourceTree = "<group>"; };
		4B33F16D /* DreamHapticFeedback.swift */ = {isa = PBXFileReference; lastKnownFileType = sourcecode.swift; path = DreamHapticFeedback.swift; sourceTree = "<group>"; };
		E8DD2201 /* DreamInspirationModels.swift */ = {isa = PBXFileReference; lastKnownFileType = sourcecode.swift; path = DreamInspirationModels.swift; sourceTree = "<group>"; };
		836F37D4 /* DreamInspirationService.swift */ = {isa = PBXFileReference; lastKnownFileType = sourcecode.swift; path = DreamInspirationService.swift; sourceTree = "<group>"; };
		1F8E3824 /* DreamInspirationView.swift */ = {isa = PBXFileReference; lastKnownFileType = sourcecode.swift; path = DreamInspirationView.swift; sourceTree = "<group>"; };
		BA2E5131 /* DreamInteractiveWidgets.swift */ = {isa = PBXFileReference; lastKnownFileType = sourcecode.swift; path = DreamInteractiveWidgets.swift; sourceTree = "<group>"; };
		E8421713 /* DreamJournalExportService.swift */ = {isa = PBXFileReference; lastKnownFileType = sourcecode.swift; path = DreamJournalExportService.swift; sourceTree = "<group>"; };
		5D755D0C /* DreamJournalExportView.swift */ = {isa = PBXFileReference; lastKnownFileType = sourcecode.swift; path = DreamJournalExportView.swift; sourceTree = "<group>"; };
		B90710C2 /* DreamLiveActivities.swift */ = {isa = PBXFileReference; lastKnownFileType = sourcecode.swift; path = DreamLiveActivities.swift; sourceTree = "<group>"; };
		B68EAECD /* DreamLocalization.swift */ = {isa = PBXFileReference; lastKnownFileType = sourcecode.swift; path = DreamLocalization.swift; sourceTree = "<group>"; };
		EA8D50FB /* DreamLockScreenWidgets.swift */ = {isa = PBXFileReference; lastKnownFileType = sourcecode.swift; path = DreamLockScreenWidgets.swift; sourceTree = "<group>"; };
		FAE7A22C /* DreamLogApp.swift */ = {isa = PBXFileReference; lastKnownFileType = sourcecode.swift; path = DreamLogApp.swift; sourceTree = "<group>"; };
		181C37EF /* DreamLogPerformanceOptimizer.swift */ = {isa = PBXFileReference; lastKnownFileType = sourcecode.swift; path = DreamLogPerformanceOptimizer.swift; sourceTree = "<group>"; };
		1851787C /* DreamLogQuickWidget.swift */ = {isa = PBXFileReference; lastKnownFileType = sourcecode.swift; path = DreamLogQuickWidget.swift; sourceTree = "<group>"; };
		BF9EE549 /* DreamLogWidget.swift */ = {isa = PBXFileReference; lastKnownFileType = sourcecode.swift; path = DreamLogWidget.swift; sourceTree = "<group>"; };
		9A955D97 /* DreamMusicExportService.swift */ = {isa = PBXFileReference; lastKnownFileType = sourcecode.swift; path = DreamMusicExportService.swift; sourceTree = "<group>"; };
		C3BB4FD8 /* DreamMusicPlaylistModels.swift */ = {isa = PBXFileReference; lastKnownFileType = sourcecode.swift; path = DreamMusicPlaylistModels.swift; sourceTree = "<group>"; };
		2E19F97C /* DreamMusicPlaylistService.swift */ = {isa = PBXFileReference; lastKnownFileType = sourcecode.swift; path = DreamMusicPlaylistService.swift; sourceTree = "<group>"; };
		B969CF97 /* DreamMusicPlaylistView.swift */ = {isa = PBXFileReference; lastKnownFileType = sourcecode.swift; path = DreamMusicPlaylistView.swift; sourceTree = "<group>"; };
		79DD89C2 /* DreamMusicService.swift */ = {isa = PBXFileReference; lastKnownFileType = sourcecode.swift; path = DreamMusicService.swift; sourceTree = "<group>"; };
		4B17C843 /* DreamMusicView.swift */ = {isa = PBXFileReference; lastKnownFileType = sourcecode.swift; path = DreamMusicView.swift; sourceTree = "<group>"; };
		B8C450AD /* DreamOnboardingModels.swift */ = {isa = PBXFileReference; lastKnownFileType = sourcecode.swift; path = DreamOnboardingModels.swift; sourceTree = "<group>"; };
		95E94825 /* DreamOnboardingView.swift */ = {isa = PBXFileReference; lastKnownFileType = sourcecode.swift; path = DreamOnboardingView.swift; sourceTree = "<group>"; };
		D68B95D4 /* DreamPerformanceOptimizer.swift */ = {isa = PBXFileReference; lastKnownFileType = sourcecode.swift; path = DreamPerformanceOptimizer.swift; sourceTree = "<group>"; };
		ECFED1C5 /* DreamPredictionMLModels.swift */ = {isa = PBXFileReference; lastKnownFileType = sourcecode.swift; path = DreamPredictionMLModels.swift; sourceTree = "<group>"; };
		C196C598 /* DreamPredictionMLService.swift */ = {isa = PBXFileReference; lastKnownFileType = sourcecode.swift; path = DreamPredictionMLService.swift; sourceTree = "<group>"; };
		F18C3829 /* DreamPredictionMLView.swift */ = {isa = PBXFileReference; lastKnownFileType = sourcecode.swift; path = DreamPredictionMLView.swift; sourceTree = "<group>"; };
		DB1BB22A /* DreamPredictionModels.swift */ = {isa = PBXFileReference; lastKnownFileType = sourcecode.swift; path = DreamPredictionModels.swift; sourceTree = "<group>"; };
		71D3AFDC /* DreamPredictionService.swift */ = {isa = PBXFileReference; lastKnownFileType = sourcecode.swift; path = DreamPredictionService.swift; sourceTree = "<group>"; };
		C0AF04C4 /* DreamPredictionView.swift */ = {isa = PBXFileReference; lastKnownFileType = sourcecode.swift; path = DreamPredictionView.swift; sourceTree = "<group>"; };
		9B0E3CBC /* DreamReportExportService.swift */ = {isa = PBXFileReference; lastKnownFileType = sourcecode.swift; path = DreamReportExportService.swift; sourceTree = "<group>"; };
		DDC90DE8 /* DreamSearchView.swift */ = {isa = PBXFileReference; lastKnownFileType = sourcecode.swift; path = DreamSearchView.swift; sourceTree = "<group>"; };
		D2DB75B5 /* DreamShareCard.swift */ = {isa = PBXFileReference; lastKnownFileType = sourcecode.swift; path = DreamShareCard.swift; sourceTree = "<group>"; };
		4786CC1F /* DreamShareCardModels.swift */ = {isa = PBXFileReference; lastKnownFileType = sourcecode.swift; path = DreamShareCardModels.swift; sourceTree = "<group>"; };
		9F23A11D /* DreamShareCardService.swift */ = {isa = PBXFileReference; lastKnownFileType = sourcecode.swift; path = DreamShareCardService.swift; sourceTree = "<group>"; };
		1B3705D1 /* DreamShareCardView.swift */ = {isa = PBXFileReference; lastKnownFileType = sourcecode.swift; path = DreamShareCardView.swift; sourceTree = "<group>"; };
		8A30C797 /* DreamShareCircleModels.swift */ = {isa = PBXFileReference; lastKnownFileType = sourcecode.swift; path = DreamShareCircleModels.swift; sourceTree = "<group>"; };
		BF162525 /* DreamShareCircleService.swift */ = {isa = PBXFileReference; lastKnownFileType = sourcecode.swift; path = DreamShareCircleService.swift; sourceTree = "<group>"; };
		5E34ACB0 /* DreamShareCircleView.swift */ = {isa = PBXFileReference; lastKnownFileType = sourcecode.swift; path = DreamShareCircleView.swift; sourceTree = "<group>"; };
		F1BEDF8B /* DreamStore.swift */ = {isa = PBXFileReference; lastKnownFileType = sourcecode.swift; path = DreamStore.swift; sourceTree = "<group>"; };
		F0C0102C /* DreamStoryService.swift */ = {isa = PBXFileReference; lastKnownFileType = sourcecode.swift; path = DreamStoryService.swift; sourceTree = "<group>"; };
		A2D3C678 /* DreamStoryView.swift */ = {isa = PBXFileReference; lastKnownFileType = sourcecode.swift; path = DreamStoryView.swift; sourceTree = "<group>"; };
		A38F3E33 /* DreamSubscriptionView.swift */ = {isa = PBXFileReference; lastKnownFileType = sourcecode.swift; path = DreamSubscriptionView.swift; sourceTree = "<group>"; };
		1C57A1AA /* DreamTagManagerModels.swift */ = {isa = PBXFileReference; lastKnownFileType = sourcecode.swift; path = DreamTagManagerModels.swift; sourceTree = "<group>"; };
		1175D25E /* DreamTagManagerService.swift */ = {isa = PBXFileReference; lastKnownFileType = sourcecode.swift; path = DreamTagManagerService.swift; sourceTree = "<group>"; };
		07E3C7C8 /* DreamTagManagerView.swift */ = {isa = PBXFileReference; lastKnownFileType = sourcecode.swift; path = DreamTagManagerView.swift; sourceTree = "<group>"; };
		9C26B2E3 /* DreamTimelineService.swift */ = {isa = PBXFileReference; lastKnownFileType = sourcecode.swift; path = DreamTimelineService.swift; sourceTree = "<group>"; };
		DD4AF4D2 /* DreamTimelineView.swift */ = {isa = PBXFileReference; lastKnownFileType = sourcecode.swift; path = DreamTimelineView.swift; sourceTree = "<group>"; };
		FC9AA5A7 /* DreamTrendService.swift */ = {isa = PBXFileReference; lastKnownFileType = sourcecode.swift; path = DreamTrendService.swift; sourceTree = "<group>"; };
		9D0C808B /* DreamTrendView.swift */ = {isa = PBXFileReference; lastKnownFileType = sourcecode.swift; path = DreamTrendView.swift; sourceTree = "<group>"; };
		8B3CDA84 /* DreamVideoEditor.swift */ = {isa = PBXFileReference; lastKnownFileType = sourcecode.swift; path = DreamVideoEditor.swift; sourceTree = "<group>"; };
		87EC6E62 /* DreamVideoEditorView.swift */ = {isa = PBXFileReference; lastKnownFileType = sourcecode.swift; path = DreamVideoEditorView.swift; sourceTree = "<group>"; };
		0F7A6C50 /* DreamVideoEnhancements.swift */ = {isa = PBXFileReference; lastKnownFileType = sourcecode.swift; path = DreamVideoEnhancements.swift; sourceTree = "<group>"; };
		C2375B0F /* DreamVideoService.swift */ = {isa = PBXFileReference; lastKnownFileType = sourcecode.swift; path = DreamVideoService.swift; sourceTree = "<group>"; };
		B3D9F21E /* DreamVideoTemplates.swift */ = {isa = PBXFileReference; lastKnownFileType = sourcecode.swift; path = DreamVideoTemplates.swift; sourceTree = "<group>"; };
		FFF45D09 /* DreamVideoView.swift */ = {isa = PBXFileReference; lastKnownFileType = sourcecode.swift; path = DreamVideoView.swift; sourceTree = "<group>"; };
		62EFE6CC /* DreamWallpaperService.swift */ = {isa = PBXFileReference; lastKnownFileType = sourcecode.swift; path = DreamWallpaperService.swift; sourceTree = "<group>"; };
		BF51A27F /* DreamWallpaperView.swift */ = {isa = PBXFileReference; lastKnownFileType = sourcecode.swift; path = DreamWallpaperView.swift; sourceTree = "<group>"; };
		288116ED /* DreamWeeklyReportModels.swift */ = {isa = PBXFileReference; lastKnownFileType = sourcecode.swift; path = DreamWeeklyReportModels.swift; sourceTree = "<group>"; };
		ECAEBAE1 /* DreamWeeklyReportService.swift */ = {isa = PBXFileReference; lastKnownFileType = sourcecode.swift; path = DreamWeeklyReportService.swift; sourceTree = "<group>"; };
		00E58C1D /* DreamWeeklyReportView.swift */ = {isa = PBXFileReference; lastKnownFileType = sourcecode.swift; path = DreamWeeklyReportView.swift; sourceTree = "<group>"; };
		DD65EB49 /* DreamWidgetConfigurationView.swift */ = {isa = PBXFileReference; lastKnownFileType = sourcecode.swift; path = DreamWidgetConfigurationView.swift; sourceTree = "<group>"; };
		39046424 /* DreamWidgetModels.swift */ = {isa = PBXFileReference; lastKnownFileType = sourcecode.swift; path = DreamWidgetModels.swift; sourceTree = "<group>"; };
		7FE83308 /* DreamWidgetService.swift */ = {isa = PBXFileReference; lastKnownFileType = sourcecode.swift; path = DreamWidgetService.swift; sourceTree = "<group>"; };
		A4B9B6DA /* DreamWrappedService.swift */ = {isa = PBXFileReference; lastKnownFileType = sourcecode.swift; path = DreamWrappedService.swift; sourceTree = "<group>"; };
		8A210F5D /* DreamWrappedView.swift */ = {isa = PBXFileReference; lastKnownFileType = sourcecode.swift; path = DreamWrappedView.swift; sourceTree = "<group>"; };
		16222503 /* DreamsGoalView.swift */ = {isa = PBXFileReference; lastKnownFileType = sourcecode.swift; path = DreamsGoalView.swift; sourceTree = "<group>"; };
		8DCC580A /* EnhancedShareService.swift */ = {isa = PBXFileReference; lastKnownFileType = sourcecode.swift; path = EnhancedShareService.swift; sourceTree = "<group>"; };
		C5AAF224 /* ExternalAIService.swift */ = {isa = PBXFileReference; lastKnownFileType = sourcecode.swift; path = ExternalAIService.swift; sourceTree = "<group>"; };
		54B0B789 /* FriendProfileView.swift */ = {isa = PBXFileReference; lastKnownFileType = sourcecode.swift; path = FriendProfileView.swift; sourceTree = "<group>"; };
		00E053FD /* FriendService.swift */ = {isa = PBXFileReference; lastKnownFileType = sourcecode.swift; path = FriendService.swift; sourceTree = "<group>"; };
		4E70EBC5 /* FriendsView.swift */ = {isa = PBXFileReference; lastKnownFileType = sourcecode.swift; path = FriendsView.swift; sourceTree = "<group>"; };
		D8FD50EA /* GalleryView.swift */ = {isa = PBXFileReference; lastKnownFileType = sourcecode.swift; path = GalleryView.swift; sourceTree = "<group>"; };
		680C3430 /* HapticFeedback.swift */ = {isa = PBXFileReference; lastKnownFileType = sourcecode.swift; path = HapticFeedback.swift; sourceTree = "<group>"; };
		071B16F1 /* HealthKitService.swift */ = {isa = PBXFileReference; lastKnownFileType = sourcecode.swift; path = HealthKitService.swift; sourceTree = "<group>"; };
		0AD90945 /* HomeView.swift */ = {isa = PBXFileReference; lastKnownFileType = sourcecode.swift; path = HomeView.swift; sourceTree = "<group>"; };
		6A369246 /* ImageCacheService.swift */ = {isa = PBXFileReference; lastKnownFileType = sourcecode.swift; path = ImageCacheService.swift; sourceTree = "<group>"; };
		17B066B5 /* InsightsView.swift */ = {isa = PBXFileReference; lastKnownFileType = sourcecode.swift; path = InsightsView.swift; sourceTree = "<group>"; };
		087843E8 /* LucidDreamTraining.swift */ = {isa = PBXFileReference; lastKnownFileType = sourcecode.swift; path = LucidDreamTraining.swift; sourceTree = "<group>"; };
		22F9AC5C /* MeditationService.swift */ = {isa = PBXFileReference; lastKnownFileType = sourcecode.swift; path = MeditationService.swift; sourceTree = "<group>"; };
		5628DAFB /* MeditationView.swift */ = {isa = PBXFileReference; lastKnownFileType = sourcecode.swift; path = MeditationView.swift; sourceTree = "<group>"; };
		80C36C3E /* NotificationService.swift */ = {isa = PBXFileReference; lastKnownFileType = sourcecode.swift; path = NotificationService.swift; sourceTree = "<group>"; };
		47665768 /* NotionIntegrationService.swift */ = {isa = PBXFileReference; lastKnownFileType = sourcecode.swift; path = NotionIntegrationService.swift; sourceTree = "<group>"; };
		FD106D79 /* ObsidianIntegrationService.swift */ = {isa = PBXFileReference; lastKnownFileType = sourcecode.swift; path = ObsidianIntegrationService.swift; sourceTree = "<group>"; };
		EBF39302 /* OnThisDayView.swift */ = {isa = PBXFileReference; lastKnownFileType = sourcecode.swift; path = OnThisDayView.swift; sourceTree = "<group>"; };
		FBA60FBD /* PrivateShareView.swift */ = {isa = PBXFileReference; lastKnownFileType = sourcecode.swift; path = PrivateShareView.swift; sourceTree = "<group>"; };
		2C5E0726 /* RecordView.swift */ = {isa = PBXFileReference; lastKnownFileType = sourcecode.swift; path = RecordView.swift; sourceTree = "<group>"; };
		FFD6D551 /* Localizable.swift */ = {isa = PBXFileReference; lastKnownFileType = sourcecode.swift; path = Localizable.swift; sourceTree = "<group>"; };
		30DCF6FF /* SettingsView.swift */ = {isa = PBXFileReference; lastKnownFileType = sourcecode.swift; path = SettingsView.swift; sourceTree = "<group>"; };
		0E6A0504 /* ShareCardView.swift */ = {isa = PBXFileReference; lastKnownFileType = sourcecode.swift; path = ShareCardView.swift; sourceTree = "<group>"; };
		5B9BCD11 /* ShareService.swift */ = {isa = PBXFileReference; lastKnownFileType = sourcecode.swift; path = ShareService.swift; sourceTree = "<group>"; };
		86891505 /* SharedModelContainer.swift */ = {isa = PBXFileReference; lastKnownFileType = sourcecode.swift; path = SharedModelContainer.swift; sourceTree = "<group>"; };
		2639159A /* SiriShortcutViews.swift */ = {isa = PBXFileReference; lastKnownFileType = sourcecode.swift; path = SiriShortcutViews.swift; sourceTree = "<group>"; };
		4A771C06 /* SiriShortcuts.swift */ = {isa = PBXFileReference; lastKnownFileType = sourcecode.swift; path = SiriShortcuts.swift; sourceTree = "<group>"; };
		90180D61 /* SleepDataView.swift */ = {isa = PBXFileReference; lastKnownFileType = sourcecode.swift; path = SleepDataView.swift; sourceTree = "<group>"; };
		2A34E719 /* SleepQualityAnalysisService.swift */ = {isa = PBXFileReference; lastKnownFileType = sourcecode.swift; path = SleepQualityAnalysisService.swift; sourceTree = "<group>"; };
		82E61FA6 /* SleepQualityAnalysisView.swift */ = {isa = PBXFileReference; lastKnownFileType = sourcecode.swift; path = SleepQualityAnalysisView.swift; sourceTree = "<group>"; };
		C87C8045 /* SmartReminderService.swift */ = {isa = PBXFileReference; lastKnownFileType = sourcecode.swift; path = SmartReminderService.swift; sourceTree = "<group>"; };
		F39120DA /* SmartReminderSettingsView.swift */ = {isa = PBXFileReference; lastKnownFileType = sourcecode.swift; path = SmartReminderSettingsView.swift; sourceTree = "<group>"; };
		4E2546CE /* SpeechService.swift */ = {isa = PBXFileReference; lastKnownFileType = sourcecode.swift; path = SpeechService.swift; sourceTree = "<group>"; };
		3A995A59 /* SpeechSynthesisService.swift */ = {isa = PBXFileReference; lastKnownFileType = sourcecode.swift; path = SpeechSynthesisService.swift; sourceTree = "<group>"; };
		453CC0C7 /* Theme.swift */ = {isa = PBXFileReference; lastKnownFileType = sourcecode.swift; path = Theme.swift; sourceTree = "<group>"; };
		098C7B50 /* ViewImageRenderer.swift */ = {isa = PBXFileReference; lastKnownFileType = sourcecode.swift; path = ViewImageRenderer.swift; sourceTree = "<group>"; };
		F0B8D784 /* WidgetConfigurationService.swift */ = {isa = PBXFileReference; lastKnownFileType = sourcecode.swift; path = WidgetConfigurationService.swift; sourceTree = "<group>"; };
		412E556F /* WidgetCustomizationView.swift */ = {isa = PBXFileReference; lastKnownFileType = sourcecode.swift; path = WidgetCustomizationView.swift; sourceTree = "<group>"; };
		61F8CBA4 /* DreamMapView.swift */ = {isa = PBXFileReference; lastKnownFileType = sourcecode.swift; path = DreamMapView.swift; sourceTree = "<group>"; };
		461D9547 /* DreamSiriShortcuts.swift */ = {isa = PBXFileReference; lastKnownFileType = sourcecode.swift; path = DreamSiriShortcuts.swift; sourceTree = "<group>"; };
		66BE753B /* DreamTimeCapsuleModels.swift */ = {isa = PBXFileReference; lastKnownFileType = sourcecode.swift; path = DreamTimeCapsuleModels.swift; sourceTree = "<group>"; };
		B769A8D4 /* DreamTimeCapsuleService.swift */ = {isa = PBXFileReference; lastKnownFileType = sourcecode.swift; path = DreamTimeCapsuleService.swift; sourceTree = "<group>"; };
		78895807 /* DreamTimeCapsuleView.swift */ = {isa = PBXFileReference; lastKnownFileType = sourcecode.swift; path = DreamTimeCapsuleView.swift; sourceTree = "<group>"; };
		A64D0FEB /* DreamWatchSyncService.swift */ = {isa = PBXFileReference; lastKnownFileType = sourcecode.swift; path = DreamWatchSyncService.swift; sourceTree = "<group>"; };
		F86B4BC2 /* TimeCapsuleDetailView.swift */ = {isa = PBXFileReference; lastKnownFileType = sourcecode.swift; path = TimeCapsuleDetailView.swift; sourceTree = "<group>"; };
		BABCBE18 /* Assets.xcassets */ = {isa = PBXFileReference; lastKnownFileType = folder.assetcatalog; path = Assets.xcassets; sourceTree = "<group>"; };
		70E314F3 /* DreamLog.app */ = {isa = PBXFileReference; explicitFileType = wrapper.application; includeInIndex = 0; path = DreamLog.app; sourceTree = BUILT_PRODUCTS_DIR; };
/* End PBXFileReference section */

/* Begin PBXFrameworksBuildPhase section */
		76D51F64 /* Frameworks */ = {
			isa = PBXFrameworksBuildPhase;
			buildActionMask = 2147483647;
			files = (
			);
			runOnlyForDeploymentPostprocessing = 0;
		};
/* End PBXFrameworksBuildPhase section */

/* Begin PBXGroup section */
		D0F39FDA = {
			isa = PBXGroup;
			children = (
				5C3E6560 /* DreamLog */,
				4377FE8A /* Products */,
			);
			sourceTree = "<group>";
		};
		5C3E6560 /* DreamLog */ = {
			isa = PBXGroup;
			children = (
				75D2EDE6 /* CreateTimeCapsuleView.swift */,
				70B57451 /* DreamAIAnalysisModels.swift */,
				3C116E64 /* DreamAIAnalysisService.swift */,
				C0B4EE99 /* DreamExportHubModels.swift */,
				64C8575A /* DreamImportModels.swift */,
				BE34F02D /* DreamImportService.swift */,
				F663289E /* DreamImportView.swift */,
				57CB9285 /* DreamInsightsDashboardView.swift */,
				39C39EDD /* DreamLocationModels.swift */,
				B9B0DB28 /* DreamLocationService.swift */,
				5C336836 /* DreamLocationSettingsView.swift */,
				3D3C3658 /* AIArtService.swift */,
				DAA64324 /* AIService.swift */,
				1F331E5A /* ARSceneSelectionView.swift */,
				A745A743 /* Accessibility.swift */,
				EA8FEFC3 /* AddFriendView.swift */,
				7CD24194 /* AdvancedAnalyticsService.swift */,
				5A97D975 /* AdvancedDashboardView.swift */,
				3B08521D /* AdvancedSearchView.swift */,
				250D95D0 /* Animations.swift */,
				219B2670 /* AssistantAnimations.swift */,
				7C05E887 /* AudioSynthesisEngine.swift */,
				312569B8 /* CachedImageView.swift */,
				EFA2553B /* CalendarView.swift */,
				9B540537 /* ChartsView.swift */,
				36174149 /* CloudSyncService.swift */,
				2D4FC78A /* CommonViews.swift */,
				CB6869A6 /* CommunityPostView.swift */,
				25AF2708 /* CommunityService.swift */,
				8AB901CC /* CommunityView.swift */,
				F6ABB828 /* ContentView.swift */,
				8E99134E /* DailyInspirationView.swift */,
				6350441B /* Dream.swift */,
				2F94A406 /* DreamARElement3D.swift */,
				A03EAC33 /* DreamARFaceTracking.swift */,
				4B26ACFD /* DreamARFaceTrackingView.swift */,
				16CC9985 /* DreamARInteractionService.swift */,
				397EE714 /* DreamARInteractionView.swift */,
				EE5B6892 /* DreamARModelBrowserView.swift */,
				5BCE8582 /* DreamARModelCache.swift */,
				B25D3222 /* DreamARModels.swift */,
				C1EE7FCC /* DreamARModelsLibrary.swift */,
				8BACBBA5 /* DreamARPerformanceOptimizer.swift */,
				6CCA0D79 /* DreamARPhotoEditorView.swift */,
				F06A699C /* DreamARPhotoMode.swift */,
				E6A0B878 /* DreamARService.swift */,
				6967116B /* DreamARShareService.swift */,
				D559315F /* DreamARShareView.swift */,
				868A9B33 /* DreamARSocialService.swift */,
				C78D0DE9 /* DreamARTemplateGalleryView.swift */,
				3BB904E3 /* DreamARTemplateService.swift */,
				0AF557DB /* DreamARVideoEditorView.swift */,
				8F81701D /* DreamARVideoMode.swift */,
				4EE054B8 /* DreamARView.swift */,
				92C0440F /* DreamAccessibility.swift */,
				0F0BC47E /* DreamAccessibilityEnhancements.swift */,
				F4D93E12 /* DreamArtGalleryView.swift */,
				736B8523 /* DreamAssistantModels.swift */,
				8531B561 /* DreamAssistantService.swift */,
				42A94824 /* DreamAssistantView.swift */,
				14C200C7 /* DreamBackupModels.swift */,
				EE6339A1 /* DreamBackupService.swift */,
				41740740 /* DreamBackupView.swift */,
				7A770140 /* DreamChallengeModels.swift */,
				91CD2F3B /* DreamChallengeService.swift */,
				C5AABD5D /* DreamChallengeView.swift */,
				6F85EC34 /* DreamCorrelationService.swift */,
				A78E5CB7 /* DreamDetailView.swift */,
				6A7FD480 /* DreamDictionary.swift */,
				BA77666C /* DreamEmptyStates.swift */,
				302706FC /* DreamExportModels.swift */,
				FBE66D3C /* DreamExportService.swift */,
				530F69FC /* DreamExportView.swift */,
				FE40D35B /* DreamGraphService.swift */,
				7F4CCF7F /* DreamGraphView.swift */,
				4B33F16D /* DreamHapticFeedback.swift */,
				E8DD2201 /* DreamInspirationModels.swift */,
				836F37D4 /* DreamInspirationService.swift */,
				1F8E3824 /* DreamInspirationView.swift */,
				BA2E5131 /* DreamInteractiveWidgets.swift */,
				E8421713 /* DreamJournalExportService.swift */,
				5D755D0C /* DreamJournalExportView.swift */,
				B90710C2 /* DreamLiveActivities.swift */,
				B68EAECD /* DreamLocalization.swift */,
				EA8D50FB /* DreamLockScreenWidgets.swift */,
				FAE7A22C /* DreamLogApp.swift */,
				181C37EF /* DreamLogPerformanceOptimizer.swift */,
				1851787C /* DreamLogQuickWidget.swift */,
				BF9EE549 /* DreamLogWidget.swift */,
				9A955D97 /* DreamMusicExportService.swift */,
				C3BB4FD8 /* DreamMusicPlaylistModels.swift */,
				2E19F97C /* DreamMusicPlaylistService.swift */,
				B969CF97 /* DreamMusicPlaylistView.swift */,
				79DD89C2 /* DreamMusicService.swift */,
				4B17C843 /* DreamMusicView.swift */,
				B8C450AD /* DreamOnboardingModels.swift */,
				95E94825 /* DreamOnboardingView.swift */,
				D68B95D4 /* DreamPerformanceOptimizer.swift */,
				ECFED1C5 /* DreamPredictionMLModels.swift */,
				C196C598 /* DreamPredictionMLService.swift */,
				F18C3829 /* DreamPredictionMLView.swift */,
				DB1BB22A /* DreamPredictionModels.swift */,
				71D3AFDC /* DreamPredictionService.swift */,
				C0AF04C4 /* DreamPredictionView.swift */,
				9B0E3CBC /* DreamReportExportService.swift */,
				DDC90DE8 /* DreamSearchView.swift */,
				D2DB75B5 /* DreamShareCard.swift */,
				4786CC1F /* DreamShareCardModels.swift */,
				9F23A11D /* DreamShareCardService.swift */,
				1B3705D1 /* DreamShareCardView.swift */,
				8A30C797 /* DreamShareCircleModels.swift */,
				BF162525 /* DreamShareCircleService.swift */,
				5E34ACB0 /* DreamShareCircleView.swift */,
				F1BEDF8B /* DreamStore.swift */,
				F0C0102C /* DreamStoryService.swift */,
				A2D3C678 /* DreamStoryView.swift */,
				A38F3E33 /* DreamSubscriptionView.swift */,
				1C57A1AA /* DreamTagManagerModels.swift */,
				1175D25E /* DreamTagManagerService.swift */,
				07E3C7C8 /* DreamTagManagerView.swift */,
				9C26B2E3 /* DreamTimelineService.swift */,
				DD4AF4D2 /* DreamTimelineView.swift */,
				FC9AA5A7 /* DreamTrendService.swift */,
				9D0C808B /* DreamTrendView.swift */,
				8B3CDA84 /* DreamVideoEditor.swift */,
				87EC6E62 /* DreamVideoEditorView.swift */,
				0F7A6C50 /* DreamVideoEnhancements.swift */,
				C2375B0F /* DreamVideoService.swift */,
				B3D9F21E /* DreamVideoTemplates.swift */,
				FFF45D09 /* DreamVideoView.swift */,
				62EFE6CC /* DreamWallpaperService.swift */,
				BF51A27F /* DreamWallpaperView.swift */,
				288116ED /* DreamWeeklyReportModels.swift */,
				ECAEBAE1 /* DreamWeeklyReportService.swift */,
				00E58C1D /* DreamWeeklyReportView.swift */,
				DD65EB49 /* DreamWidgetConfigurationView.swift */,
				39046424 /* DreamWidgetModels.swift */,
				7FE83308 /* DreamWidgetService.swift */,
				A4B9B6DA /* DreamWrappedService.swift */,
				8A210F5D /* DreamWrappedView.swift */,
				16222503 /* DreamsGoalView.swift */,
				8DCC580A /* EnhancedShareService.swift */,
				C5AAF224 /* ExternalAIService.swift */,
				54B0B789 /* FriendProfileView.swift */,
				00E053FD /* FriendService.swift */,
				4E70EBC5 /* FriendsView.swift */,
				D8FD50EA /* GalleryView.swift */,
				680C3430 /* HapticFeedback.swift */,
				071B16F1 /* HealthKitService.swift */,
				0AD90945 /* HomeView.swift */,
				6A369246 /* ImageCacheService.swift */,
				17B066B5 /* InsightsView.swift */,
				087843E8 /* LucidDreamTraining.swift */,
				22F9AC5C /* MeditationService.swift */,
				5628DAFB /* MeditationView.swift */,
				80C36C3E /* NotificationService.swift */,
				47665768 /* NotionIntegrationService.swift */,
				FD106D79 /* ObsidianIntegrationService.swift */,
				EBF39302 /* OnThisDayView.swift */,
				FBA60FBD /* PrivateShareView.swift */,
				2C5E0726 /* RecordView.swift */,
				FFD6D551 /* Localizable.swift */,
				30DCF6FF /* SettingsView.swift */,
				0E6A0504 /* ShareCardView.swift */,
				5B9BCD11 /* ShareService.swift */,
				86891505 /* SharedModelContainer.swift */,
				2639159A /* SiriShortcutViews.swift */,
				4A771C06 /* SiriShortcuts.swift */,
				90180D61 /* SleepDataView.swift */,
				2A34E719 /* SleepQualityAnalysisService.swift */,
				82E61FA6 /* SleepQualityAnalysisView.swift */,
				C87C8045 /* SmartReminderService.swift */,
				F39120DA /* SmartReminderSettingsView.swift */,
				4E2546CE /* SpeechService.swift */,
				3A995A59 /* SpeechSynthesisService.swift */,
				453CC0C7 /* Theme.swift */,
				098C7B50 /* ViewImageRenderer.swift */,
				F0B8D784 /* WidgetConfigurationService.swift */,
				412E556F /* WidgetCustomizationView.swift */,
				61F8CBA4 /* DreamMapView.swift */,
				461D9547 /* DreamSiriShortcuts.swift */,
				66BE753B /* DreamTimeCapsuleModels.swift */,
				B769A8D4 /* DreamTimeCapsuleService.swift */,
				78895807 /* DreamTimeCapsuleView.swift */,
				A64D0FEB /* DreamWatchSyncService.swift */,
				F86B4BC2 /* TimeCapsuleDetailView.swift */,
				4498AE80 /* Resources */,
			);
			path = DreamLog;
			sourceTree = "<group>";
		};
		4498AE80 /* Resources */ = {
			isa = PBXGroup;
			children = (
				BABCBE18 /* Assets.xcassets */,
			);
			path = Resources;
			sourceTree = "<group>";
		};
		4377FE8A /* Products */ = {
			isa = PBXGroup;
			children = (
				70E314F3 /* DreamLog.app */,
			);
			name = Products;
			sourceTree = "<group>";
		};
/* End PBXGroup section */

/* Begin PBXNativeTarget section */
		6FCE3F4C /* DreamLog */ = {
			isa = PBXNativeTarget;
			buildConfigurationList = A0BAE06B /* Build configuration list for PBXNativeTarget "DreamLog" */;
			buildPhases = (
				AC138630 /* Sources */,
				76D51F64 /* Frameworks */,
				E30B804B /* Resources */,
			);
			buildRules = (
			);
			dependencies = (
			);
			name = DreamLog;
			productName = DreamLog;
			productReference = 70E314F3 /* DreamLog.app */;
			productType = "com.apple.product-type.application";
		};
/* End PBXNativeTarget section */

/* Begin PBXProject section */
		EBD78555 /* Project object */ = {
			isa = PBXProject;
			attributes = {
				BuildIndependentTargetsInParallel = 1;
				LastSwiftUpdateCheck = 1500;
				LastUpgradeCheck = 1500;
				TargetAttributes = {
					6FCE3F4C = {
						CreatedOnToolsVersion = 15.0;
					};
				};
			};
			buildConfigurationList = DF4633FB /* Build configuration list for PBXProject "DreamLog" */;
			compatibilityVersion = "Xcode 14.0";
			developmentRegion = en;
			hasScannedForEncodings = 0;
			knownRegions = (
				en,
				Base,
				"zh-Hans",
			);
			mainGroup = D0F39FDA;
			productRefGroup = 4377FE8A /* Products */;
			projectDirPath = "";
			projectRoot = "";
			targets = (
				6FCE3F4C /* DreamLog */,
			);
		};
/* End PBXProject section */

/* Begin PBXResourcesBuildPhase section */
		E30B804B /* Resources */ = {
			isa = PBXResourcesBuildPhase;
			buildActionMask = 2147483647;
			files = (
				9DB92F63 /* Assets.xcassets in Resources */,
			);
			runOnlyForDeploymentPostprocessing = 0;
		};
/* End PBXResourcesBuildPhase section */

/* Begin PBXSourcesBuildPhase section */
		AC138630 /* Sources */ = {
			isa = PBXSourcesBuildPhase;
			buildActionMask = 2147483647;
			files = (
				7B0E9C93 /* CreateTimeCapsuleView.swift in Sources */,
				3E90A18D /* DreamAIAnalysisModels.swift in Sources */,
				EB7480F7 /* DreamAIAnalysisService.swift in Sources */,
				76B9F188 /* DreamExportHubModels.swift in Sources */,
				5A4F4123 /* DreamImportModels.swift in Sources */,
				4E3DDFCF /* DreamImportService.swift in Sources */,
				C5D4D7ED /* DreamImportView.swift in Sources */,
				71AAA99F /* DreamInsightsDashboardView.swift in Sources */,
				16EC3382 /* DreamLocationModels.swift in Sources */,
				5E9AD12C /* DreamLocationService.swift in Sources */,
				04BF965F /* DreamLocationSettingsView.swift in Sources */,
				644C925C /* AIArtService.swift in Sources */,
				1BA0CEC7 /* AIService.swift in Sources */,
				8B1C0F38 /* ARSceneSelectionView.swift in Sources */,
				B64EA48F /* Accessibility.swift in Sources */,
				776F02C2 /* AddFriendView.swift in Sources */,
				DC4E5D0C /* AdvancedAnalyticsService.swift in Sources */,
				E0072DF3 /* AdvancedDashboardView.swift in Sources */,
				E73A93A3 /* AdvancedSearchView.swift in Sources */,
				139D8A98 /* Animations.swift in Sources */,
				5DA7BF28 /* AssistantAnimations.swift in Sources */,
				21D33889 /* AudioSynthesisEngine.swift in Sources */,
				CC879CFD /* CachedImageView.swift in Sources */,
				652D6EF1 /* CalendarView.swift in Sources */,
				20CC8087 /* ChartsView.swift in Sources */,
				DBA06AC1 /* CloudSyncService.swift in Sources */,
				72EA3DF3 /* CommonViews.swift in Sources */,
				3CD2659F /* CommunityPostView.swift in Sources */,
				D067058F /* CommunityService.swift in Sources */,
				F6A79031 /* CommunityView.swift in Sources */,
				81E9FBE3 /* ContentView.swift in Sources */,
				38620D68 /* DailyInspirationView.swift in Sources */,
				9E86C57A /* Dream.swift in Sources */,
				B860F3BB /* DreamARElement3D.swift in Sources */,
				08F32EDC /* DreamARFaceTracking.swift in Sources */,
				229112E4 /* DreamARFaceTrackingView.swift in Sources */,
				E9A7384D /* DreamARInteractionService.swift in Sources */,
				26CE3F1B /* DreamARInteractionView.swift in Sources */,
				17D57FC6 /* DreamARModelBrowserView.swift in Sources */,
				1262A8A5 /* DreamARModelCache.swift in Sources */,
				C7F8EB77 /* DreamARModels.swift in Sources */,
				3E4D8529 /* DreamARModelsLibrary.swift in Sources */,
				CC5F8810 /* DreamARPerformanceOptimizer.swift in Sources */,
				203F5D0A /* DreamARPhotoEditorView.swift in Sources */,
				59D04E80 /* DreamARPhotoMode.swift in Sources */,
				2BEA1EF0 /* DreamARService.swift in Sources */,
				0B7821A2 /* DreamARShareService.swift in Sources */,
				03F25CED /* DreamARShareView.swift in Sources */,
				571187B2 /* DreamARSocialService.swift in Sources */,
				213F95E0 /* DreamARTemplateGalleryView.swift in Sources */,
				0934FC49 /* DreamARTemplateService.swift in Sources */,
				18896329 /* DreamARVideoEditorView.swift in Sources */,
				CA9D3BE7 /* DreamARVideoMode.swift in Sources */,
				C5D23B9F /* DreamARView.swift in Sources */,
				A00D5E60 /* DreamAccessibility.swift in Sources */,
				BC93C489 /* DreamAccessibilityEnhancements.swift in Sources */,
				98EFB100 /* DreamArtGalleryView.swift in Sources */,
				42D1383C /* DreamAssistantModels.swift in Sources */,
				58F5DE22 /* DreamAssistantService.swift in Sources */,
				33030744 /* DreamAssistantView.swift in Sources */,
				8258CFE3 /* DreamBackupModels.swift in Sources */,
				86A823C0 /* DreamBackupService.swift in Sources */,
				94CE7903 /* DreamBackupView.swift in Sources */,
				8F17FA80 /* DreamChallengeModels.swift in Sources */,
				65CD543C /* DreamChallengeService.swift in Sources */,
				6EBF2FDA /* DreamChallengeView.swift in Sources */,
				297563C7 /* DreamCorrelationService.swift in Sources */,
				5B45F5FA /* DreamDetailView.swift in Sources */,
				D9B479B0 /* DreamDictionary.swift in Sources */,
				F62C1D53 /* DreamEmptyStates.swift in Sources */,
				4B65A5F9 /* DreamExportModels.swift in Sources */,
				2F4B548C /* DreamExportService.swift in Sources */,
				44332CD4 /* DreamExportView.swift in Sources */,
				2F823B81 /* DreamGraphService.swift in Sources */,
				A60543C7 /* DreamGraphView.swift in Sources */,
				7B85068C /* DreamHapticFeedback.swift in Sources */,
				190F0507 /* DreamInspirationModels.swift in Sources */,
				E679FB9D /* DreamInspirationService.swift in Sources */,
				0A58EFFE /* DreamInspirationView.swift in Sources */,
				257C2046 /* DreamInteractiveWidgets.swift in Sources */,
				ECCBB3BA /* DreamJournalExportService.swift in Sources */,
				95286DDE /* DreamJournalExportView.swift in Sources */,
				6C5CC816 /* DreamLiveActivities.swift in Sources */,
				3C12EBBA /* DreamLocalization.swift in Sources */,
				203A005E /* DreamLockScreenWidgets.swift in Sources */,
				C09D04EE /* DreamLogApp.swift in Sources */,
				899D0016 /* DreamLogPerformanceOptimizer.swift in Sources */,
				5380FB50 /* DreamLogQuickWidget.swift in Sources */,
				B506F056 /* DreamLogWidget.swift in Sources */,
				805B91F0 /* DreamMusicExportService.swift in Sources */,
				3E8A63C8 /* DreamMusicPlaylistModels.swift in Sources */,
				972990A1 /* DreamMusicPlaylistService.swift in Sources */,
				AFAB9455 /* DreamMusicPlaylistView.swift in Sources */,
				2C10B194 /* DreamMusicService.swift in Sources */,
				FF310527 /* DreamMusicView.swift in Sources */,
				FC42D77A /* DreamOnboardingModels.swift in Sources */,
				80C8F4FA /* DreamOnboardingView.swift in Sources */,
				EB77174F /* DreamPerformanceOptimizer.swift in Sources */,
				8A20CBE8 /* DreamPredictionMLModels.swift in Sources */,
				EBBD8CA7 /* DreamPredictionMLService.swift in Sources */,
				2FDA880B /* DreamPredictionMLView.swift in Sources */,
				1368DBC5 /* DreamPredictionModels.swift in Sources */,
				C03EE365 /* DreamPredictionService.swift in Sources */,
				92E9DFB2 /* DreamPredictionView.swift in Sources */,
				82F3579E /* DreamReportExportService.swift in Sources */,
				AD5E7C21 /* DreamSearchView.swift in Sources */,
				DD46A28D /* DreamShareCard.swift in Sources */,
				F12538B5 /* DreamShareCardModels.swift in Sources */,
				F2E09975 /* DreamShareCardService.swift in Sources */,
				ED21DF2B /* DreamShareCardView.swift in Sources */,
				D6411B11 /* DreamShareCircleModels.swift in Sources */,
				10E5088B /* DreamShareCircleService.swift in Sources */,
				C2515FB8 /* DreamShareCircleView.swift in Sources */,
				C52EBA95 /* DreamStore.swift in Sources */,
				AB954F2E /* DreamStoryService.swift in Sources */,
				F35AE99A /* DreamStoryView.swift in Sources */,
				808DAD75 /* DreamSubscriptionView.swift in Sources */,
				7F94ACA9 /* DreamTagManagerModels.swift in Sources */,
				67EC4CBC /* DreamTagManagerService.swift in Sources */,
				929EEB93 /* DreamTagManagerView.swift in Sources */,
				A0E416CC /* DreamTimelineService.swift in Sources */,
				5476D850 /* DreamTimelineView.swift in Sources */,
				7E481990 /* DreamTrendService.swift in Sources */,
				57A811D8 /* DreamTrendView.swift in Sources */,
				57F5DBD0 /* DreamVideoEditor.swift in Sources */,
				AFF66B82 /* DreamVideoEditorView.swift in Sources */,
				A3221814 /* DreamVideoEnhancements.swift in Sources */,
				89A547F6 /* DreamVideoService.swift in Sources */,
				C955F131 /* DreamVideoTemplates.swift in Sources */,
				3CAA19D5 /* DreamVideoView.swift in Sources */,
				F02D6C7D /* DreamWallpaperService.swift in Sources */,
				55E63053 /* DreamWallpaperView.swift in Sources */,
				A0331FA6 /* DreamWeeklyReportModels.swift in Sources */,
				BCFA8AC4 /* DreamWeeklyReportService.swift in Sources */,
				939E47BF /* DreamWeeklyReportView.swift in Sources */,
				9A775ADB /* DreamWidgetConfigurationView.swift in Sources */,
				A3BABF7B /* DreamWidgetModels.swift in Sources */,
				2BCCF53A /* DreamWidgetService.swift in Sources */,
				9DCEDCFB /* DreamWrappedService.swift in Sources */,
				5474B112 /* DreamWrappedView.swift in Sources */,
				C925FD86 /* DreamsGoalView.swift in Sources */,
				0584F058 /* EnhancedShareService.swift in Sources */,
				E19A127E /* ExternalAIService.swift in Sources */,
				5F97604A /* FriendProfileView.swift in Sources */,
				8D7BB75F /* FriendService.swift in Sources */,
				060DAAC2 /* FriendsView.swift in Sources */,
				3EB1D5C6 /* GalleryView.swift in Sources */,
				64AEC903 /* HapticFeedback.swift in Sources */,
				3EE2E0B3 /* HealthKitService.swift in Sources */,
				B04D0ED8 /* HomeView.swift in Sources */,
				0127B4FB /* ImageCacheService.swift in Sources */,
				D4090E2B /* InsightsView.swift in Sources */,
				FD4B042E /* LucidDreamTraining.swift in Sources */,
				0518F5DF /* MeditationService.swift in Sources */,
				5B8C643B /* MeditationView.swift in Sources */,
				E8C19CF9 /* NotificationService.swift in Sources */,
				C8425FED /* NotionIntegrationService.swift in Sources */,
				F205490F /* ObsidianIntegrationService.swift in Sources */,
				3E078584 /* OnThisDayView.swift in Sources */,
				A2616466 /* PrivateShareView.swift in Sources */,
				EB140DF4 /* RecordView.swift in Sources */,
				39B79F21 /* Localizable.swift in Sources */,
				5A5A1F68 /* SettingsView.swift in Sources */,
				955CC3E7 /* ShareCardView.swift in Sources */,
				71826C94 /* ShareService.swift in Sources */,
				D24F9EFE /* SharedModelContainer.swift in Sources */,
				712B8311 /* SiriShortcutViews.swift in Sources */,
				964F02C1 /* SiriShortcuts.swift in Sources */,
				E5AA5490 /* SleepDataView.swift in Sources */,
				850C8966 /* SleepQualityAnalysisService.swift in Sources */,
				F0896ABB /* SleepQualityAnalysisView.swift in Sources */,
				0E3761F6 /* SmartReminderService.swift in Sources */,
				B89F4D4E /* SmartReminderSettingsView.swift in Sources */,
				1A4FE9F0 /* SpeechService.swift in Sources */,
				0F634772 /* SpeechSynthesisService.swift in Sources */,
				4E8F1C37 /* Theme.swift in Sources */,
				36A523E9 /* ViewImageRenderer.swift in Sources */,
				D3E24898 /* WidgetConfigurationService.swift in Sources */,
				F2339ACD /* WidgetCustomizationView.swift in Sources */,
				5E4021DF /* DreamMapView.swift in Sources */,
				F89B1277 /* DreamSiriShortcuts.swift in Sources */,
				74E85C70 /* DreamTimeCapsuleModels.swift in Sources */,
				C5FE71E0 /* DreamTimeCapsuleService.swift in Sources */,
				612B728F /* DreamTimeCapsuleView.swift in Sources */,
				5FCE8C8E /* DreamWatchSyncService.swift in Sources */,
				A0003895 /* TimeCapsuleDetailView.swift in Sources */,
			);
			runOnlyForDeploymentPostprocessing = 0;
		};
/* End PBXSourcesBuildPhase section */

/* Begin XCBuildConfiguration section */
		E5597503 /* Debug */ = {
			isa = XCBuildConfiguration;
			buildSettings = {
				ALWAYS_SEARCH_USER_PATHS = NO;
				ASSETCATALOG_COMPILER_GENERATE_SWIFT_ASSET_SYMBOL_EXTENSIONS = YES;
				CLANG_ANALYZER_NONNULL = YES;
				CLANG_ANALYZER_NUMBER_OBJECT_CONVERSION = YES_AGGRESSIVE;
				CLANG_CXX_LANGUAGE_STANDARD = "gnu++20";
				CLANG_ENABLE_MODULES = YES;
				CLANG_ENABLE_OBJC_ARC = YES;
				CLANG_ENABLE_OBJC_WEAK = YES;
				CLANG_WARN_BLOCK_CAPTURE_AUTORELEASING = YES;
				CLANG_WARN_BOOL_CONVERSION = YES;
				CLANG_WARN_COMMA = YES;
				CLANG_WARN_CONSTANT_CONVERSION = YES;
				CLANG_WARN_DEPRECATED_OBJC_IMPLEMENTATIONS = YES;
				CLANG_WARN_DIRECT_OBJC_ISA_USAGE = YES_ERROR;
				CLANG_WARN_DOCUMENTATION_COMMENTS = YES;
				CLANG_WARN_EMPTY_BODY = YES;
				CLANG_WARN_ENUM_CONVERSION = YES;
				CLANG_WARN_INFINITE_RECURSION = YES;
				CLANG_WARN_INT_CONVERSION = YES;
				CLANG_WARN_NON_LITERAL_NULL_CONVERSION = YES;
				CLANG_WARN_OBJC_IMPLICIT_RETAIN_SELF = YES;
				CLANG_WARN_OBJC_LITERAL_CONVERSION = YES;
				CLANG_WARN_OBJC_ROOT_CLASS = YES_ERROR;
				CLANG_WARN_QUOTED_INCLUDE_IN_FRAMEWORK_HEADER = YES;
				CLANG_WARN_RANGE_LOOP_ANALYSIS = YES;
				CLANG_WARN_STRICT_PROTOTYPES = YES;
				CLANG_WARN_SUSPICIOUS_MOVE = YES;
				CLANG_WARN_UNGUARDED_AVAILABILITY = YES_AGGRESSIVE;
				CLANG_WARN_UNREACHABLE_CODE = YES;
				CLANG_WARN__DUPLICATE_METHOD_MATCH = YES;
				COPY_PHASE_STRIP = NO;
				DEBUG_INFORMATION_FORMAT = dwarf;
				ENABLE_STRICT_OBJC_MSGSEND = YES;
				ENABLE_TESTABILITY = YES;
				ENABLE_USER_SCRIPT_SANDBOXING = YES;
				GCC_C_LANGUAGE_STANDARD = gnu17;
				GCC_DYNAMIC_NO_PIC = NO;
				GCC_NO_COMMON_BLOCKS = YES;
				GCC_OPTIMIZATION_LEVEL = 0;
				GCC_PREPROCESSOR_DEFINITIONS = (
					"DEBUG=1",
					"$(inherited)",
				);
				GCC_WARN_64_TO_32_BIT_CONVERSION = YES;
				GCC_WARN_ABOUT_RETURN_TYPE = YES_ERROR;
				GCC_WARN_UNDECLARED_SELECTOR = YES;
				GCC_WARN_UNINITIALIZED_AUTOS = YES_AGGRESSIVE;
				GCC_WARN_UNUSED_FUNCTION = YES;
				GCC_WARN_UNUSED_VARIABLE = YES;
				IPHONEOS_DEPLOYMENT_TARGET = 16.0;
				LOCALIZATION_PREFERS_STRING_CATALOGS = YES;
				MTL_ENABLE_DEBUG_INFO = INCLUDE_SOURCE;
				MTL_FAST_MATH = YES;
				ONLY_ACTIVE_ARCH = YES;
				SDKROOT = iphoneos;
				SWIFT_ACTIVE_COMPILATION_CONDITIONS = "DEBUG $(inherited)";
				SWIFT_OPTIMIZATION_LEVEL = "-Onone";
			};
			name = Debug;
		};
		B2AC0535 /* Release */ = {
			isa = XCBuildConfiguration;
			buildSettings = {
				ALWAYS_SEARCH_USER_PATHS = NO;
				ASSETCATALOG_COMPILER_GENERATE_SWIFT_ASSET_SYMBOL_EXTENSIONS = YES;
				CLANG_ANALYZER_NONNULL = YES;
				CLANG_ANALYZER_NUMBER_OBJECT_CONVERSION = YES_AGGRESSIVE;
				CLANG_CXX_LANGUAGE_STANDARD = "gnu++20";
				CLANG_ENABLE_MODULES = YES;
				CLANG_ENABLE_OBJC_ARC = YES;
				CLANG_ENABLE_OBJC_WEAK = YES;
				CLANG_WARN_BLOCK_CAPTURE_AUTORELEASING = YES;
				CLANG_WARN_BOOL_CONVERSION = YES;
				CLANG_WARN_COMMA = YES;
				CLANG_WARN_CONSTANT_CONVERSION = YES;
				CLANG_WARN_DEPRECATED_OBJC_IMPLEMENTATIONS = YES;
				CLANG_WARN_DIRECT_OBJC_ISA_USAGE = YES_ERROR;
				CLANG_WARN_DOCUMENTATION_COMMENTS = YES;
				CLANG_WARN_EMPTY_BODY = YES;
				CLANG_WARN_ENUM_CONVERSION = YES;
				CLANG_WARN_INFINITE_RECURSION = YES;
				CLANG_WARN_INT_CONVERSION = YES;
				CLANG_WARN_NON_LITERAL_NULL_CONVERSION = YES;
				CLANG_WARN_OBJC_IMPLICIT_RETAIN_SELF = YES;
				CLANG_WARN_OBJC_LITERAL_CONVERSION = YES;
				CLANG_WARN_OBJC_ROOT_CLASS = YES_ERROR;
				CLANG_WARN_QUOTED_INCLUDE_IN_FRAMEWORK_HEADER = YES;
				CLANG_WARN_RANGE_LOOP_ANALYSIS = YES;
				CLANG_WARN_STRICT_PROTOTYPES = YES;
				CLANG_WARN_SUSPICIOUS_MOVE = YES;
				CLANG_WARN_UNGUARDED_AVAILABILITY = YES_AGGRESSIVE;
				CLANG_WARN_UNREACHABLE_CODE = YES;
				CLANG_WARN__DUPLICATE_METHOD_MATCH = YES;
				COPY_PHASE_STRIP = NO;
				DEBUG_INFORMATION_FORMAT = "dwarf-with-dsym";
				ENABLE_NS_ASSERTIONS = NO;
				ENABLE_STRICT_OBJC_MSGSEND = YES;
				ENABLE_USER_SCRIPT_SANDBOXING = YES;
				GCC_C_LANGUAGE_STANDARD = gnu17;
				GCC_NO_COMMON_BLOCKS = YES;
				GCC_WARN_64_TO_32_BIT_CONVERSION = YES;
				GCC_WARN_ABOUT_RETURN_TYPE = YES_ERROR;
				GCC_WARN_UNDECLARED_SELECTOR = YES;
				GCC_WARN_UNINITIALIZED_AUTOS = YES_AGGRESSIVE;
				GCC_WARN_UNUSED_FUNCTION = YES;
				GCC_WARN_UNUSED_VARIABLE = YES;
				IPHONEOS_DEPLOYMENT_TARGET = 16.0;
				LOCALIZATION_PREFERS_STRING_CATALOGS = YES;
				MTL_ENABLE_DEBUG_INFO = NO;
				MTL_FAST_MATH = YES;
				SDKROOT = iphoneos;
				SWIFT_COMPILATION_MODE = wholemodule;
				VALIDATE_PRODUCT = YES;
			};
			name = Release;
		};
		F129EC91 /* Debug */ = {
			isa = XCBuildConfiguration;
			buildSettings = {
				ASSETCATALOG_COMPILER_APPICON_NAME = AppIcon;
				ASSETCATALOG_COMPILER_GLOBAL_ACCENT_COLOR_NAME = AccentColor;
				CODE_SIGN_STYLE = Automatic;
				CURRENT_PROJECT_VERSION = 1;
				DEVELOPMENT_ASSET_PATHS = "";
				ENABLE_PREVIEWS = YES;
				GENERATE_INFOPLIST_FILE = YES;
				INFOPLIST_KEY_CFBundleDisplayName = "DreamLog";
				INFOPLIST_KEY_LSApplicationCategoryType = "public.app-category.healthcare-fitness";
				INFOPLIST_KEY_UIApplicationSceneManifest_Generation = YES;
				INFOPLIST_KEY_UIApplicationSupportsIndirectInputEvents = YES;
				INFOPLIST_KEY_UILaunchScreen_Generation = YES;
				INFOPLIST_KEY_UISupportedInterfaceOrientations_iPad = "UIInterfaceOrientationPortrait UIInterfaceOrientationPortraitUpsideDown UIInterfaceOrientationLandscapeLeft UIInterfaceOrientationLandscapeRight";
				INFOPLIST_KEY_UISupportedInterfaceOrientations_iPhone = "UIInterfaceOrientationPortrait UIInterfaceOrientationLandscapeLeft UIInterfaceOrientationLandscapeRight";
				LD_RUNPATH_SEARCH_PATHS = (
					"$(inherited)",
					"@executable_path/Frameworks",
				);
				MARKETING_VERSION = "1.0";
				PRODUCT_BUNDLE_IDENTIFIER = "com.dreamlog.app";
				PRODUCT_NAME = "$(TARGET_NAME)";
				SWIFT_EMIT_LOC_STRINGS = YES;
				SWIFT_VERSION = 5.0;
				TARGETED_DEVICE_FAMILY = "1,2";
			};
			name = Debug;
		};
		E7EEE434 /* Release */ = {
			isa = XCBuildConfiguration;
			buildSettings = {
				ASSETCATALOG_COMPILER_APPICON_NAME = AppIcon;
				ASSETCATALOG_COMPILER_GLOBAL_ACCENT_COLOR_NAME = AccentColor;
				CODE_SIGN_STYLE = Automatic;
				CURRENT_PROJECT_VERSION = 1;
				DEVELOPMENT_ASSET_PATHS = "";
				ENABLE_PREVIEWS = YES;
				GENERATE_INFOPLIST_FILE = YES;
				INFOPLIST_KEY_CFBundleDisplayName = "DreamLog";
				INFOPLIST_KEY_LSApplicationCategoryType = "public.app-category.healthcare-fitness";
				INFOPLIST_KEY_UIApplicationSceneManifest_Generation = YES;
				INFOPLIST_KEY_UIApplicationSupportsIndirectInputEvents = YES;
				INFOPLIST_KEY_UILaunchScreen_Generation = YES;
				INFOPLIST_KEY_UISupportedInterfaceOrientations_iPad = "UIInterfaceOrientationPortrait UIInterfaceOrientationPortraitUpsideDown UIInterfaceOrientationLandscapeLeft UIInterfaceOrientationLandscapeRight";
				INFOPLIST_KEY_UISupportedInterfaceOrientations_iPhone = "UIInterfaceOrientationPortrait UIInterfaceOrientationLandscapeLeft UIInterfaceOrientationLandscapeRight";
				LD_RUNPATH_SEARCH_PATHS = (
					"$(inherited)",
					"@executable_path/Frameworks",
				);
				MARKETING_VERSION = "1.0";
				PRODUCT_BUNDLE_IDENTIFIER = "com.dreamlog.app";
				PRODUCT_NAME = "$(TARGET_NAME)";
				SWIFT_EMIT_LOC_STRINGS = YES;
				SWIFT_VERSION = 5.0;
				TARGETED_DEVICE_FAMILY = "1,2";
			};
			name = Release;
		};
/* End XCBuildConfiguration section */

/* Begin XCConfigurationList section */
		DF4633FB /* Build configuration list for PBXProject "DreamLog" */ = {
			isa = XCConfigurationList;
			buildConfigurations = (
				E5597503 /* Debug */,
				B2AC0535 /* Release */,
			);
			defaultConfigurationIsVisible = 0;
			defaultConfigurationIsName = Debug;
		};
		A0BAE06B /* Build configuration list for PBXNativeTarget "DreamLog" */ = {
			isa = XCConfigurationList;
			buildConfigurations = (
				F129EC91 /* Debug */,
				E7EEE434 /* Release */,
			);
			defaultConfigurationIsVisible = 0;
			defaultConfigurationIsName = Debug;
		};
/* End XCConfigurationList section */
	};
	rootObject = EBD78555 /* Project object */;
}
